// !$*UTF8*$!
{
	archiveVersion = 1;
	classes = {
	};
	objectVersion = 77;
	objects = {

/* Begin PBXBuildFile section */
		A00000010000000000000001 /* texApp.swift in Sources */ = {isa = PBXBuildFile; fileRef = A00000110000000000000001 /* texApp.swift */; };
		A00000010000000000000002 /* AppDelegate.swift in Sources */ = {isa = PBXBuildFile; fileRef = A00000110000000000000002 /* AppDelegate.swift */; };
		A00000010000000000000003 /* AppController.swift in Sources */ = {isa = PBXBuildFile; fileRef = A00000110000000000000003 /* AppController.swift */; };
		A00000010000000000000004 /* TranslationRecord.swift in Sources */ = {isa = PBXBuildFile; fileRef = A00000110000000000000004 /* TranslationRecord.swift */; };
		A00000010000000000000005 /* TranslationHistoryStore.swift in Sources */ = {isa = PBXBuildFile; fileRef = A00000110000000000000005 /* TranslationHistoryStore.swift */; };
		A00000010000000000000006 /* ScreenCaptureService.swift in Sources */ = {isa = PBXBuildFile; fileRef = A00000110000000000000006 /* ScreenCaptureService.swift */; };
		A00000010000000000000007 /* OCRService.swift in Sources */ = {isa = PBXBuildFile; fileRef = A00000110000000000000007 /* OCRService.swift */; };
		A00000010000000000000008 /* HotKeyMonitor.swift in Sources */ = {isa = PBXBuildFile; fileRef = A00000110000000000000008 /* HotKeyMonitor.swift */; };
		A00000010000000000000009 /* TranslationPopupController.swift in Sources */ = {isa = PBXBuildFile; fileRef = A00000110000000000000009 /* TranslationPopupController.swift */; };
		A0000001000000000000000A /* TranslationWorkerView.swift in Sources */ = {isa = PBXBuildFile; fileRef = A0000011000000000000000A /* TranslationWorkerView.swift */; };
		A0000001000000000000000B /* MenuBarContentView.swift in Sources */ = {isa = PBXBuildFile; fileRef = A0000011000000000000000B /* MenuBarContentView.swift */; };
		A0000001000000000000000C /* ShortcutPreference.swift in Sources */ = {isa = PBXBuildFile; fileRef = A0000011000000000000000C /* ShortcutPreference.swift */; };
		A0000001000000000000000D /* ShortcutRecorderView.swift in Sources */ = {isa = PBXBuildFile; fileRef = A0000011000000000000000D /* ShortcutRecorderView.swift */; };
		A0000001000000000000000E /* SettingsView.swift in Sources */ = {isa = PBXBuildFile; fileRef = A0000011000000000000000E /* SettingsView.swift */; };
		A0000001000000000000000F /* GeminiService.swift in Sources */ = {isa = PBXBuildFile; fileRef = A0000011000000000000000F /* GeminiService.swift */; };
		A00000010000000000000010 /* SecretsStore.swift in Sources */ = {isa = PBXBuildFile; fileRef = A00000110000000000000010 /* SecretsStore.swift */; };
/* End PBXBuildFile section */

/* Begin PBXFileReference section */
		A00000100000000000000001 /* tex.app */ = {isa = PBXFileReference; explicitFileType = wrapper.application; includeInIndex = 0; path = tex.app; sourceTree = BUILT_PRODUCTS_DIR; };
		A00000100000000000000002 /* tex/Info.plist */ = {isa = PBXFileReference; lastKnownFileType = text.plist.xml; path = tex/Info.plist; sourceTree = SOURCE_ROOT; };
		A00000110000000000000001 /* texApp.swift */ = {isa = PBXFileReference; lastKnownFileType = sourcecode.swift; path = texApp.swift; sourceTree = "<group>"; };
		A00000110000000000000002 /* AppDelegate.swift */ = {isa = PBXFileReference; lastKnownFileType = sourcecode.swift; path = AppDelegate.swift; sourceTree = "<group>"; };
		A00000110000000000000003 /* AppController.swift */ = {isa = PBXFileReference; lastKnownFileType = sourcecode.swift; path = AppController.swift; sourceTree = "<group>"; };
		A00000110000000000000004 /* TranslationRecord.swift */ = {isa = PBXFileReference; lastKnownFileType = sourcecode.swift; path = TranslationRecord.swift; sourceTree = "<group>"; };
		A00000110000000000000005 /* TranslationHistoryStore.swift */ = {isa = PBXFileReference; lastKnownFileType = sourcecode.swift; path = TranslationHistoryStore.swift; sourceTree = "<group>"; };
		A00000110000000000000006 /* ScreenCaptureService.swift */ = {isa = PBXFileReference; lastKnownFileType = sourcecode.swift; path = ScreenCaptureService.swift; sourceTree = "<group>"; };
		A00000110000000000000007 /* OCRService.swift */ = {isa = PBXFileReference; lastKnownFileType = sourcecode.swift; path = OCRService.swift; sourceTree = "<group>"; };
		A00000110000000000000008 /* HotKeyMonitor.swift */ = {isa = PBXFileReference; lastKnownFileType = sourcecode.swift; path = HotKeyMonitor.swift; sourceTree = "<group>"; };
		A00000110000000000000009 /* TranslationPopupController.swift */ = {isa = PBXFileReference; lastKnownFileType = sourcecode.swift; path = TranslationPopupController.swift; sourceTree = "<group>"; };
		A0000011000000000000000A /* TranslationWorkerView.swift */ = {isa = PBXFileReference; lastKnownFileType = sourcecode.swift; path = TranslationWorkerView.swift; sourceTree = "<group>"; };
		A0000011000000000000000B /* MenuBarContentView.swift */ = {isa = PBXFileReference; lastKnownFileType = sourcecode.swift; path = MenuBarContentView.swift; sourceTree = "<group>"; };
		A0000011000000000000000C /* ShortcutPreference.swift */ = {isa = PBXFileReference; lastKnownFileType = sourcecode.swift; path = ShortcutPreference.swift; sourceTree = "<group>"; };
		A0000011000000000000000D /* ShortcutRecorderView.swift */ = {isa = PBXFileReference; lastKnownFileType = sourcecode.swift; path = ShortcutRecorderView.swift; sourceTree = "<group>"; };
		A0000011000000000000000E /* SettingsView.swift */ = {isa = PBXFileReference; lastKnownFileType = sourcecode.swift; path = SettingsView.swift; sourceTree = "<group>"; };
		A0000011000000000000000F /* GeminiService.swift */ = {isa = PBXFileReference; lastKnownFileType = sourcecode.swift; path = GeminiService.swift; sourceTree = "<group>"; };
		A00000110000000000000010 /* SecretsStore.swift */ = {isa = PBXFileReference; lastKnownFileType = sourcecode.swift; path = SecretsStore.swift; sourceTree = "<group>"; };
/* End PBXFileReference section */

/* Begin PBXFrameworksBuildPhase section */
		A00000200000000000000001 /* Frameworks */ = {
			isa = PBXFrameworksBuildPhase;
			buildActionMask = 2147483647;
			files = (
			);
			runOnlyForDeploymentPostprocessing = 0;
		};
/* End PBXFrameworksBuildPhase section */

/* Begin PBXGroup section */
		A00000300000000000000001 = {
			isa = PBXGroup;
			children = (
				A00000300000000000000002 /* tex */,
				A00000300000000000000003 /* Products */,
			);
			sourceTree = "<group>";
		};
		A00000300000000000000002 /* tex */ = {
			isa = PBXGroup;
			children = (
				A00000300000000000000004 /* App */,
				A00000300000000000000005 /* Core */,
				A00000300000000000000006 /* Models */,
				A00000300000000000000007 /* Services */,
				A00000300000000000000008 /* UI */,
				A00000100000000000000002 /* tex/Info.plist */,
			);
			path = tex;
			sourceTree = SOURCE_ROOT;
		};
		A00000300000000000000003 /* Products */ = {
			isa = PBXGroup;
			children = (
				A00000100000000000000001 /* tex.app */,
			);
			name = Products;
			sourceTree = "<group>";
		};
		A00000300000000000000004 /* App */ = {
			isa = PBXGroup;
			children = (
				A00000110000000000000001 /* texApp.swift */,
				A00000110000000000000002 /* AppDelegate.swift */,
			);
			path = App;
			sourceTree = "<group>";
		};
		A00000300000000000000005 /* Core */ = {
			isa = PBXGroup;
			children = (
				A00000110000000000000003 /* AppController.swift */,
			);
			path = Core;
			sourceTree = "<group>";
		};
		A00000300000000000000006 /* Models */ = {
			isa = PBXGroup;
			children = (
				A00000110000000000000004 /* TranslationRecord.swift */,
			);
			path = Models;
			sourceTree = "<group>";
		};
		A00000300000000000000007 /* Services */ = {
			isa = PBXGroup;
			children = (
				A0000011000000000000000C /* ShortcutPreference.swift */,
				A0000011000000000000000F /* GeminiService.swift */,
				A00000110000000000000010 /* SecretsStore.swift */,
				A00000110000000000000005 /* TranslationHistoryStore.swift */,
				A00000110000000000000006 /* ScreenCaptureService.swift */,
				A00000110000000000000007 /* OCRService.swift */,
				A00000110000000000000008 /* HotKeyMonitor.swift */,
			);
			path = Services;
			sourceTree = "<group>";
		};
		A00000300000000000000008 /* UI */ = {
			isa = PBXGroup;
			children = (
				A0000011000000000000000D /* ShortcutRecorderView.swift */,
				A00000110000000000000009 /* TranslationPopupController.swift */,
				A0000011000000000000000A /* TranslationWorkerView.swift */,
				A0000011000000000000000B /* MenuBarContentView.swift */,
				A0000011000000000000000E /* SettingsView.swift */,
			);
			path = UI;
			sourceTree = "<group>";
		};
/* End PBXGroup section */

/* Begin PBXNativeTarget section */
		A00000400000000000000001 /* tex */ = {
			isa = PBXNativeTarget;
			buildConfigurationList = A00000800000000000000002 /* Build configuration list for PBXNativeTarget "tex" */;
			buildPhases = (
				A000002000000000000002 /* Sources */,
				A00000200000000000000001 /* Frameworks */,
				A00000200000000000000003 /* Resources */,
			);
			buildRules = (
			);
			dependencies = (
			);
			name = tex;
			productName = tex;
			productReference = A00000100000000000000001 /* tex.app */;
			productType = "com.apple.product-type.application";
		};
/* End PBXNativeTarget section */

/* Begin PBXProject section */
		A00000500000000000000001 /* Project object */ = {
			isa = PBXProject;
			attributes = {
				BuildIndependentTargetsInParallel = 1;
				LastSwiftUpdateCheck = 2600;
				LastUpgradeCheck = 2600;
				TargetAttributes = {
					A00000400000000000000001 = {
						CreatedOnToolsVersion = 26.0.1;
					};
				};
			};
			buildConfigurationList = A00000800000000000000001 /* Build configuration list for PBXProject "tex" */;
			developmentRegion = en;
			hasScannedForEncodings = 0;
			knownRegions = (
				en,
				Base,
			);
			mainGroup = A00000300000000000000001;
			preferredProjectObjectVersion = 77;
			productRefGroup = A00000300000000000000003 /* Products */;
			projectDirPath = "";
			projectRoot = "";
			targets = (
				A00000400000000000000001 /* tex */,
			);
		};
/* End PBXProject section */

/* Begin PBXResourcesBuildPhase section */
		A00000200000000000000003 /* Resources */ = {
			isa = PBXResourcesBuildPhase;
			buildActionMask = 2147483647;
			files = (
			);
			runOnlyForDeploymentPostprocessing = 0;
		};
/* End PBXResourcesBuildPhase section */

/* Begin PBXSourcesBuildPhase section */
		A000002000000000000002 /* Sources */ = {
			isa = PBXSourcesBuildPhase;
			buildActionMask = 2147483647;
			files = (
				A00000010000000000000001 /* texApp.swift in Sources */,
				A00000010000000000000002 /* AppDelegate.swift in Sources */,
				A00000010000000000000003 /* AppController.swift in Sources */,
				A00000010000000000000004 /* TranslationRecord.swift in Sources */,
				A00000010000000000000005 /* TranslationHistoryStore.swift in Sources */,
				A00000010000000000000006 /* ScreenCaptureService.swift in Sources */,
				A00000010000000000000007 /* OCRService.swift in Sources */,
				A00000010000000000000008 /* HotKeyMonitor.swift in Sources */,
				A00000010000000000000009 /* TranslationPopupController.swift in Sources */,
				A0000001000000000000000A /* TranslationWorkerView.swift in Sources */,
				A0000001000000000000000B /* MenuBarContentView.swift in Sources */,
				A0000001000000000000000C /* ShortcutPreference.swift in Sources */,
				A0000001000000000000000D /* ShortcutRecorderView.swift in Sources */,
				A0000001000000000000000E /* SettingsView.swift in Sources */,
				A0000001000000000000000F /* GeminiService.swift in Sources */,
				A00000010000000000000010 /* SecretsStore.swift in Sources */,
			);
			runOnlyForDeploymentPostprocessing = 0;
		};
/* End PBXSourcesBuildPhase section */

/* Begin XCBuildConfiguration section */
		A00000700000000000000001 /* Debug */ = {
			isa = XCBuildConfiguration;
			buildSettings = {
				ALWAYS_SEARCH_USER_PATHS = NO;
				CLANG_ENABLE_MODULES = YES;
				CLANG_ENABLE_OBJC_ARC = YES;
				COPY_PHASE_STRIP = NO;
				DEBUG_INFORMATION_FORMAT = dwarf;
				DEVELOPMENT_TEAM = Z9VAMX4ARW;
				ENABLE_STRICT_OBJC_MSGSEND = YES;
				GCC_C_LANGUAGE_STANDARD = gnu17;
				MACOSX_DEPLOYMENT_TARGET = 15.0;
				SDKROOT = macosx;
				SWIFT_VERSION = 6.0;
			};
			name = Debug;
		};
		A00000700000000000000002 /* Release */ = {
			isa = XCBuildConfiguration;
			buildSettings = {
				ALWAYS_SEARCH_USER_PATHS = NO;
				CLANG_ENABLE_MODULES = YES;
				CLANG_ENABLE_OBJC_ARC = YES;
				COPY_PHASE_STRIP = NO;
				DEBUG_INFORMATION_FORMAT = "dwarf-with-dsym";
				DEVELOPMENT_TEAM = Z9VAMX4ARW;
				ENABLE_NS_ASSERTIONS = NO;
				ENABLE_STRICT_OBJC_MSGSEND = YES;
				GCC_C_LANGUAGE_STANDARD = gnu17;
				MACOSX_DEPLOYMENT_TARGET = 15.0;
				SDKROOT = macosx;
				SWIFT_COMPILATION_MODE = wholemodule;
				SWIFT_VERSION = 6.0;
			};
			name = Release;
		};
		A00000700000000000000003 /* Debug */ = {
			isa = XCBuildConfiguration;
			buildSettings = {
				ASSETCATALOG_COMPILER_APPICON_NAME = AppIcon;
				CODE_SIGN_IDENTITY = "Apple Development";
				CODE_SIGN_STYLE = Automatic;
				CONFIGURATION_BUILD_DIR = "$(PROJECT_DIR)/dist/$(CONFIGURATION)";
				CURRENT_PROJECT_VERSION = 1;
				DEVELOPMENT_TEAM = V5W4LV96XX;
				GENERATE_INFOPLIST_FILE = NO;
				INFOPLIST_FILE = tex/Info.plist;
				LD_RUNPATH_SEARCH_PATHS = (
					"$(inherited)",
					"@executable_path/../Frameworks",
				);
				MACOSX_DEPLOYMENT_TARGET = 15.0;
				MARKETING_VERSION = 1.0;
				PRODUCT_BUNDLE_IDENTIFIER = com.raza.tex;
				PRODUCT_NAME = "$(TARGET_NAME)";
				PROVISIONING_PROFILE_SPECIFIER = "";
				SDKROOT = macosx;
				SWIFT_EMIT_LOC_STRINGS = YES;
				SWIFT_VERSION = 6.0;
			};
			name = Debug;
		};
		A00000700000000000000004 /* Release */ = {
			isa = XCBuildConfiguration;
			buildSettings = {
				ASSETCATALOG_COMPILER_APPICON_NAME = AppIcon;
				CODE_SIGN_IDENTITY = "Apple Development";
				CODE_SIGN_STYLE = Automatic;
				CONFIGURATION_BUILD_DIR = "$(PROJECT_DIR)/dist/$(CONFIGURATION)";
				CURRENT_PROJECT_VERSION = 1;
				DEVELOPMENT_TEAM = V5W4LV96XX;
				GENERATE_INFOPLIST_FILE = NO;
				INFOPLIST_FILE = tex/Info.plist;
				LD_RUNPATH_SEARCH_PATHS = (
					"$(inherited)",
					"@executable_path/../Frameworks",
				);
				MACOSX_DEPLOYMENT_TARGET = 15.0;
				MARKETING_VERSION = 1.0;
				PRODUCT_BUNDLE_IDENTIFIER = com.raza.tex;
				PRODUCT_NAME = "$(TARGET_NAME)";
				PROVISIONING_PROFILE_SPECIFIER = "";
				SDKROOT = macosx;
				SWIFT_EMIT_LOC_STRINGS = YES;
				SWIFT_VERSION = 6.0;
			};
			name = Release;
		};
/* End XCBuildConfiguration section */

/* Begin XCConfigurationList section */
		A00000800000000000000001 /* Build configuration list for PBXProject "tex" */ = {
			isa = XCConfigurationList;
			buildConfigurations = (
				A00000700000000000000001 /* Debug */,
				A00000700000000000000002 /* Release */,
			);
			defaultConfigurationIsVisible = 0;
			defaultConfigurationName = Release;
		};
		A00000800000000000000002 /* Build configuration list for PBXNativeTarget "tex" */ = {
			isa = XCConfigurationList;
			buildConfigurations = (
				A00000700000000000000003 /* Debug */,
				A00000700000000000000004 /* Release */,
			);
			defaultConfigurationIsVisible = 0;
			defaultConfigurationName = Release;
		};
/* End XCConfigurationList section */
	};
	rootObject = A00000500000000000000001 /* Project object */;
}
